// !$*UTF8*$!
{
	archiveVersion = 1;
	classes = {
	};
	objectVersion = 50;
	objects = {

/* Begin PBXBuildFile section */
		967ECD3D25C3DE150097DAF1 /* AppDelegate.swift in Sources */ = {isa = PBXBuildFile; fileRef = 967ECD3C25C3DE150097DAF1 /* AppDelegate.swift */; };
		967ECD3F25C3DE150097DAF1 /* SceneDelegate.swift in Sources */ = {isa = PBXBuildFile; fileRef = 967ECD3E25C3DE150097DAF1 /* SceneDelegate.swift */; };
		967ECD4125C3DE150097DAF1 /* AudioPlayerVC.swift in Sources */ = {isa = PBXBuildFile; fileRef = 967ECD4025C3DE150097DAF1 /* AudioPlayerVC.swift */; };
		967ECD4425C3DE150097DAF1 /* Main.storyboard in Resources */ = {isa = PBXBuildFile; fileRef = 967ECD4225C3DE150097DAF1 /* Main.storyboard */; };
		967ECD4625C3DE160097DAF1 /* Assets.xcassets in Resources */ = {isa = PBXBuildFile; fileRef = 967ECD4525C3DE160097DAF1 /* Assets.xcassets */; };
		967ECD4925C3DE160097DAF1 /* LaunchScreen.storyboard in Resources */ = {isa = PBXBuildFile; fileRef = 967ECD4725C3DE160097DAF1 /* LaunchScreen.storyboard */; };
		967ECD5325C3DF630097DAF1 /* TestAudio.mp3 in Resources */ = {isa = PBXBuildFile; fileRef = 967ECD5225C3DF630097DAF1 /* TestAudio.mp3 */; };
/* End PBXBuildFile section */

/* Begin PBXFileReference section */
		967ECD3925C3DE150097DAF1 /* AVAudioPlayerTest.app */ = {isa = PBXFileReference; explicitFileType = wrapper.application; includeInIndex = 0; path = AVAudioPlayerTest.app; sourceTree = BUILT_PRODUCTS_DIR; };
		967ECD3C25C3DE150097DAF1 /* AppDelegate.swift */ = {isa = PBXFileReference; lastKnownFileType = sourcecode.swift; path = AppDelegate.swift; sourceTree = "<group>"; };
		967ECD3E25C3DE150097DAF1 /* SceneDelegate.swift */ = {isa = PBXFileReference; lastKnownFileType = sourcecode.swift; path = SceneDelegate.swift; sourceTree = "<group>"; };
		967ECD4025C3DE150097DAF1 /* AudioPlayerVC.swift */ = {isa = PBXFileReference; lastKnownFileType = sourcecode.swift; path = AudioPlayerVC.swift; sourceTree = "<group>"; };
		967ECD4325C3DE150097DAF1 /* Base */ = {isa = PBXFileReference; lastKnownFileType = file.storyboard; name = Base; path = Base.lproj/Main.storyboard; sourceTree = "<group>"; };
		967ECD4525C3DE160097DAF1 /* Assets.xcassets */ = {isa = PBXFileReference; lastKnownFileType = folder.assetcatalog; path = Assets.xcassets; sourceTree = "<group>"; };
		967ECD4825C3DE160097DAF1 /* Base */ = {isa = PBXFileReference; lastKnownFileType = file.storyboard; name = Base; path = Base.lproj/LaunchScreen.storyboard; sourceTree = "<group>"; };
		967ECD4A25C3DE160097DAF1 /* Info.plist */ = {isa = PBXFileReference; lastKnownFileType = text.plist.xml; path = Info.plist; sourceTree = "<group>"; };
		967ECD5225C3DF630097DAF1 /* TestAudio.mp3 */ = {isa = PBXFileReference; lastKnownFileType = audio.mp3; path = TestAudio.mp3; sourceTree = "<group>"; };
/* End PBXFileReference section */

/* Begin PBXFrameworksBuildPhase section */
		967ECD3625C3DE150097DAF1 /* Frameworks */ = {
			isa = PBXFrameworksBuildPhase;
			buildActionMask = 2147483647;
			files = (
			);
			runOnlyForDeploymentPostprocessing = 0;
		};
/* End PBXFrameworksBuildPhase section */

/* Begin PBXGroup section */
		967ECD3025C3DE140097DAF1 = {
			isa = PBXGroup;
			children = (
				967ECD3B25C3DE150097DAF1 /* AVAudioPlayerTest */,
				967ECD3A25C3DE150097DAF1 /* Products */,
			);
			sourceTree = "<group>";
		};
		967ECD3A25C3DE150097DAF1 /* Products */ = {
			isa = PBXGroup;
			children = (
				967ECD3925C3DE150097DAF1 /* AVAudioPlayerTest.app */,
			);
			name = Products;
			sourceTree = "<group>";
		};
		967ECD3B25C3DE150097DAF1 /* AVAudioPlayerTest */ = {
			isa = PBXGroup;
			children = (
				967ECD5225C3DF630097DAF1 /* TestAudio.mp3 */,
				967ECD3C25C3DE150097DAF1 /* AppDelegate.swift */,
				967ECD3E25C3DE150097DAF1 /* SceneDelegate.swift */,
				967ECD4025C3DE150097DAF1 /* AudioPlayerVC.swift */,
				967ECD4225C3DE150097DAF1 /* Main.storyboard */,
				967ECD4525C3DE160097DAF1 /* Assets.xcassets */,
				967ECD4725C3DE160097DAF1 /* LaunchScreen.storyboard */,
				967ECD4A25C3DE160097DAF1 /* Info.plist */,
			);
			path = AVAudioPlayerTest;
			sourceTree = "<group>";
		};
/* End PBXGroup section */

/* Begin PBXNativeTarget section */
		967ECD3825C3DE150097DAF1 /* AVAudioPlayerTest */ = {
			isa = PBXNativeTarget;
			buildConfigurationList = 967ECD4D25C3DE160097DAF1 /* Build configuration list for PBXNativeTarget "AVAudioPlayerTest" */;
			buildPhases = (
				967ECD3525C3DE150097DAF1 /* Sources */,
				967ECD3625C3DE150097DAF1 /* Frameworks */,
				967ECD3725C3DE150097DAF1 /* Resources */,
			);
			buildRules = (
			);
			dependencies = (
			);
			name = AVAudioPlayerTest;
			productName = AVAudioPlayerTest;
			productReference = 967ECD3925C3DE150097DAF1 /* AVAudioPlayerTest.app */;
			productType = "com.apple.product-type.application";
		};
/* End PBXNativeTarget section */

/* Begin PBXProject section */
		967ECD3125C3DE140097DAF1 /* Project object */ = {
			isa = PBXProject;
			attributes = {
				LastSwiftUpdateCheck = 1240;
				LastUpgradeCheck = 1240;
				TargetAttributes = {
					967ECD3825C3DE150097DAF1 = {
						CreatedOnToolsVersion = 12.4;
					};
				};
			};
			buildConfigurationList = 967ECD3425C3DE140097DAF1 /* Build configuration list for PBXProject "AVAudioPlayerTest" */;
			compatibilityVersion = "Xcode 9.3";
			developmentRegion = en;
			hasScannedForEncodings = 0;
			knownRegions = (
				en,
				Base,
			);
			mainGroup = 967ECD3025C3DE140097DAF1;
			productRefGroup = 967ECD3A25C3DE150097DAF1 /* Products */;
			projectDirPath = "";
			projectRoot = "";
			targets = (
				967ECD3825C3DE150097DAF1 /* AVAudioPlayerTest */,
			);
		};
/* End PBXProject section */

/* Begin PBXResourcesBuildPhase section */
		967ECD3725C3DE150097DAF1 /* Resources */ = {
			isa = PBXResourcesBuildPhase;
			buildActionMask = 2147483647;
			files = (
				967ECD5325C3DF630097DAF1 /* TestAudio.mp3 in Resources */,
				967ECD4925C3DE160097DAF1 /* LaunchScreen.storyboard in Resources */,
				967ECD4625C3DE160097DAF1 /* Assets.xcassets in Resources */,
				967ECD4425C3DE150097DAF1 /* Main.storyboard in Resources */,
			);
			runOnlyForDeploymentPostprocessing = 0;
		};
/* End PBXResourcesBuildPhase section */

/* Begin PBXSourcesBuildPhase section */
		967ECD3525C3DE150097DAF1 /* Sources */ = {
			isa = PBXSourcesBuildPhase;
			buildActionMask = 2147483647;
			files = (
				967ECD4125C3DE150097DAF1 /* AudioPlayerVC.swift in Sources */,
				967ECD3D25C3DE150097DAF1 /* AppDelegate.swift in Sources */,
				967ECD3F25C3DE150097DAF1 /* SceneDelegate.swift in Sources */,
			);
			runOnlyForDeploymentPostprocessing = 0;
		};
/* End PBXSourcesBuildPhase section */

/* Begin PBXVariantGroup section */
		967ECD4225C3DE150097DAF1 /* Main.storyboard */ = {
			isa = PBXVariantGroup;
			children = (
				967ECD4325C3DE150097DAF1 /* Base */,
			);
			name = Main.storyboard;
			sourceTree = "<group>";
		};
		967ECD4725C3DE160097DAF1 /* LaunchScreen.storyboard */ = {
			isa = PBXVariantGroup;
			children = (
				967ECD4825C3DE160097DAF1 /* Base */,
			);
			name = LaunchScreen.storyboard;
			sourceTree = "<group>";
		};
/* End PBXVariantGroup section */

/* Begin XCBuildConfiguration section */
		967ECD4B25C3DE160097DAF1 /* Debug */ = {
			isa = XCBuildConfiguration;
			buildSettings = {
				ALWAYS_SEARCH_USER_PATHS = NO;
				CLANG_ANALYZER_NONNULL = YES;
				CLANG_ANALYZER_NUMBER_OBJECT_CONVERSION = YES_AGGRESSIVE;
				CLANG_CXX_LANGUAGE_STANDARD = "gnu++14";
				CLANG_CXX_LIBRARY = "libc++";
				CLANG_ENABLE_MODULES = YES;
				CLANG_ENABLE_OBJC_ARC = YES;
				CLANG_ENABLE_OBJC_WEAK = YES;
				CLANG_WARN_BLOCK_CAPTURE_AUTORELEASING = YES;
				CLANG_WARN_BOOL_CONVERSION = YES;
				CLANG_WARN_COMMA = YES;
				CLANG_WARN_CONSTANT_CONVERSION = YES;
				CLANG_WARN_DEPRECATED_OBJC_IMPLEMENTATIONS = YES;
				CLANG_WARN_DIRECT_OBJC_ISA_USAGE = YES_ERROR;
				CLANG_WARN_DOCUMENTATION_COMMENTS = YES;
				CLANG_WARN_EMPTY_BODY = YES;
				CLANG_WARN_ENUM_CONVERSION = YES;
				CLANG_WARN_INFINITE_RECURSION = YES;
				CLANG_WARN_INT_CONVERSION = YES;
				CLANG_WARN_NON_LITERAL_NULL_CONVERSION = YES;
				CLANG_WARN_OBJC_IMPLICIT_RETAIN_SELF = YES;
				CLANG_WARN_OBJC_LITERAL_CONVERSION = YES;
				CLANG_WARN_OBJC_ROOT_CLASS = YES_ERROR;
				CLANG_WARN_QUOTED_INCLUDE_IN_FRAMEWORK_HEADER = YES;
				CLANG_WARN_RANGE_LOOP_ANALYSIS = YES;
				CLANG_WARN_STRICT_PROTOTYPES = YES;
				CLANG_WARN_SUSPICIOUS_MOVE = YES;
				CLANG_WARN_UNGUARDED_AVAILABILITY = YES_AGGRESSIVE;
				CLANG_WARN_UNREACHABLE_CODE = YES;
				CLANG_WARN__DUPLICATE_METHOD_MATCH = YES;
				COPY_PHASE_STRIP = NO;
				DEBUG_INFORMATION_FORMAT = dwarf;
				ENABLE_STRICT_OBJC_MSGSEND = YES;
				ENABLE_TESTABILITY = YES;
				GCC_C_LANGUAGE_STANDARD = gnu11;
				GCC_DYNAMIC_NO_PIC = NO;
				GCC_NO_COMMON_BLOCKS = YES;
				GCC_OPTIMIZATION_LEVEL = 0;
				GCC_PREPROCESSOR_DEFINITIONS = (
					"DEBUG=1",
					"$(inherited)",
				);
				GCC_WARN_64_TO_32_BIT_CONVERSION = YES;
				GCC_WARN_ABOUT_RETURN_TYPE = YES_ERROR;
				GCC_WARN_UNDECLARED_SELECTOR = YES;
				GCC_WARN_UNINITIALIZED_AUTOS = YES_AGGRESSIVE;
				GCC_WARN_UNUSED_FUNCTION = YES;
				GCC_WARN_UNUSED_VARIABLE = YES;
				IPHONEOS_DEPLOYMENT_TARGET = 14.4;
				MTL_ENABLE_DEBUG_INFO = INCLUDE_SOURCE;
				MTL_FAST_MATH = YES;
				ONLY_ACTIVE_ARCH = YES;
				SDKROOT = iphoneos;
				SWIFT_ACTIVE_COMPILATION_CONDITIONS = DEBUG;
				SWIFT_OPTIMIZATION_LEVEL = "-Onone";
			};
			name = Debug;
		};
		967ECD4C25C3DE160097DAF1 /* Release */ = {
			isa = XCBuildConfiguration;
			buildSettings = {
				ALWAYS_SEARCH_USER_PATHS = NO;
				CLANG_ANALYZER_NONNULL = YES;
				CLANG_ANALYZER_NUMBER_OBJECT_CONVERSION = YES_AGGRESSIVE;
				CLANG_CXX_LANGUAGE_STANDARD = "gnu++14";
				CLANG_CXX_LIBRARY = "libc++";
				CLANG_ENABLE_MODULES = YES;
				CLANG_ENABLE_OBJC_ARC = YES;
				CLANG_ENABLE_OBJC_WEAK = YES;
				CLANG_WARN_BLOCK_CAPTURE_AUTORELEASING = YES;
				CLANG_WARN_BOOL_CONVERSION = YES;
				CLANG_WARN_COMMA = YES;
				CLANG_WARN_CONSTANT_CONVERSION = YES;
				CLANG_WARN_DEPRECATED_OBJC_IMPLEMENTATIONS = YES;
				CLANG_WARN_DIRECT_OBJC_ISA_USAGE = YES_ERROR;
				CLANG_WARN_DOCUMENTATION_COMMENTS = YES;
				CLANG_WARN_EMPTY_BODY = YES;
				CLANG_WARN_ENUM_CONVERSION = YES;
				CLANG_WARN_INFINITE_RECURSION = YES;
				CLANG_WARN_INT_CONVERSION = YES;
				CLANG_WARN_NON_LITERAL_NULL_CONVERSION = YES;
				CLANG_WARN_OBJC_IMPLICIT_RETAIN_SELF = YES;
				CLANG_WARN_OBJC_LITERAL_CONVERSION = YES;
				CLANG_WARN_OBJC_ROOT_CLASS = YES_ERROR;
				CLANG_WARN_QUOTED_INCLUDE_IN_FRAMEWORK_HEADER = YES;
				CLANG_WARN_RANGE_LOOP_ANALYSIS = YES;
				CLANG_WARN_STRICT_PROTOTYPES = YES;
				CLANG_WARN_SUSPICIOUS_MOVE = YES;
				CLANG_WARN_UNGUARDED_AVAILABILITY = YES_AGGRESSIVE;
				CLANG_WARN_UNREACHABLE_CODE = YES;
				CLANG_WARN__DUPLICATE_METHOD_MATCH = YES;
				COPY_PHASE_STRIP = NO;
				DEBUG_INFORMATION_FORMAT = "dwarf-with-dsym";
				ENABLE_NS_ASSERTIONS = NO;
				ENABLE_STRICT_OBJC_MSGSEND = YES;
				GCC_C_LANGUAGE_STANDARD = gnu11;
				GCC_NO_COMMON_BLOCKS = YES;
				GCC_WARN_64_TO_32_BIT_CONVERSION = YES;
				GCC_WARN_ABOUT_RETURN_TYPE = YES_ERROR;
				GCC_WARN_UNDECLARED_SELECTOR = YES;
				GCC_WARN_UNINITIALIZED_AUTOS = YES_AGGRESSIVE;
				GCC_WARN_UNUSED_FUNCTION = YES;
				GCC_WARN_UNUSED_VARIABLE = YES;
				IPHONEOS_DEPLOYMENT_TARGET = 14.4;
				MTL_ENABLE_DEBUG_INFO = NO;
				MTL_FAST_MATH = YES;
				SDKROOT = iphoneos;
				SWIFT_COMPILATION_MODE = wholemodule;
				SWIFT_OPTIMIZATION_LEVEL = "-O";
				VALIDATE_PRODUCT = YES;
			};
			name = Release;
		};
		967ECD4E25C3DE160097DAF1 /* Debug */ = {
			isa = XCBuildConfiguration;
			buildSettings = {
				ASSETCATALOG_COMPILER_APPICON_NAME = AppIcon;
				ASSETCATALOG_COMPILER_GLOBAL_ACCENT_COLOR_NAME = AccentColor;
				CODE_SIGN_STYLE = Automatic;
				DEVELOPMENT_TEAM = 97T7T64RDT;
				INFOPLIST_FILE = AVAudioPlayerTest/Info.plist;
				LD_RUNPATH_SEARCH_PATHS = (
					"$(inherited)",
					"@executable_path/Frameworks",
				);
				PRODUCT_BUNDLE_IDENTIFIER = com.royalpaperbox.AVAudioPlayerTest;
				PRODUCT_NAME = "$(TARGET_NAME)";
				SWIFT_VERSION = 5.0;
				TARGETED_DEVICE_FAMILY = "1,2";
			};
			name = Debug;
		};
		967ECD4F25C3DE160097DAF1 /* Release */ = {
			isa = XCBuildConfiguration;
			buildSettings = {
				ASSETCATALOG_COMPILER_APPICON_NAME = AppIcon;
				ASSETCATALOG_COMPILER_GLOBAL_ACCENT_COLOR_NAME = AccentColor;
				CODE_SIGN_STYLE = Automatic;
				DEVELOPMENT_TEAM = 97T7T64RDT;
				INFOPLIST_FILE = AVAudioPlayerTest/Info.plist;
				LD_RUNPATH_SEARCH_PATHS = (
					"$(inherited)",
					"@executable_path/Frameworks",
				);
				PRODUCT_BUNDLE_IDENTIFIER = com.royalpaperbox.AVAudioPlayerTest;
				PRODUCT_NAME = "$(TARGET_NAME)";
				SWIFT_VERSION = 5.0;
				TARGETED_DEVICE_FAMILY = "1,2";
			};
			name = Release;
		};
/* End XCBuildConfiguration section */

/* Begin XCConfigurationList section */
		967ECD3425C3DE140097DAF1 /* Build configuration list for PBXProject "AVAudioPlayerTest" */ = {
			isa = XCConfigurationList;
			buildConfigurations = (
				967ECD4B25C3DE160097DAF1 /* Debug */,
				967ECD4C25C3DE160097DAF1 /* Release */,
			);
			defaultConfigurationIsVisible = 0;
			defaultConfigurationName = Release;
		};
		967ECD4D25C3DE160097DAF1 /* Build configuration list for PBXNativeTarget "AVAudioPlayerTest" */ = {
			isa = XCConfigurationList;
			buildConfigurations = (
				967ECD4E25C3DE160097DAF1 /* Debug */,
				967ECD4F25C3DE160097DAF1 /* Release */,
			);
			defaultConfigurationIsVisible = 0;
			defaultConfigurationName = Release;
		};
/* End XCConfigurationList section */
	};
	rootObject = 967ECD3125C3DE140097DAF1 /* Project object */;
}
